{
  "projects": [
    {
      "projectId": "seaQhLVS4bbjiGvJJrRwyL",
      "version": "15.0.3",
      "dependencies": {},
      "lang": "ts",
      "fileLocks": [
        {
          "assetId": "seaQhLVS4bbjiGvJJrRwyL",
          "type": "projectCss",
          "checksum": "96d0c5256c70ddefc2366d3580ce9213"
        }
      ],
      "codegenVersion": "0.0.1"
    },
    {
      "projectId": "ggwJQg3i8ZQLYrz8HozuXG",
      "version": "latest",
      "dependencies": {
        "seaQhLVS4bbjiGvJJrRwyL": "15.0.3"
      },
      "lang": "ts",
      "fileLocks": [
        {
          "type": "globalVariant",
          "assetId": "vvWmzj22x9V4M7",
          "checksum": "d646d1613b18fdbaa56fe7e51f1572fc"
        },
        {
          "assetId": "ggwJQg3i8ZQLYrz8HozuXG",
          "type": "projectCss",
          "checksum": "d5e2307451fba53511e6bb55891ea741"
        },
        {
          "type": "renderModule",
          "assetId": "qZIff9aezgmkA",
          "checksum": "783a75dd2e0d63db1d9bfa1df09ea4d4"
        },
        {
          "type": "cssRules",
          "assetId": "qZIff9aezgmkA",
          "checksum": "783a75dd2e0d63db1d9bfa1df09ea4d4"
        },
        {
          "type": "renderModule",
          "assetId": "l6U6n9W0p_3NO",
          "checksum": "a9de417e362c3c597f01fdbe4ab300dc"
        },
        {
          "type": "cssRules",
          "assetId": "l6U6n9W0p_3NO",
          "checksum": "a9de417e362c3c597f01fdbe4ab300dc"
        },
        {
          "type": "renderModule",
          "assetId": "Nl7MLzDAyeKYn",
          "checksum": "0b8a228dad9be6c49eed533339aef030"
        },
        {
          "type": "cssRules",
          "assetId": "Nl7MLzDAyeKYn",
          "checksum": "0b8a228dad9be6c49eed533339aef030"
        },
        {
          "type": "renderModule",
          "assetId": "55oeLVQPhGf4C",
          "checksum": "3dbcb2be3088c7f68786fb644866530c"
        },
        {
          "type": "cssRules",
          "assetId": "55oeLVQPhGf4C",
          "checksum": "3dbcb2be3088c7f68786fb644866530c"
        },
        {
          "type": "renderModule",
          "assetId": "pk9WWSc2-kBJA",
          "checksum": "7912712aae685d24c80da11a9f093756"
        },
        {
          "type": "cssRules",
          "assetId": "pk9WWSc2-kBJA",
          "checksum": "7912712aae685d24c80da11a9f093756"
        },
        {
          "type": "renderModule",
          "assetId": "uhOGsF9tS-2Ol",
          "checksum": "d9f0cc8c487b9bc401fd1a9d0e1c0fe4"
        },
        {
          "type": "cssRules",
          "assetId": "uhOGsF9tS-2Ol",
          "checksum": "d9f0cc8c487b9bc401fd1a9d0e1c0fe4"
        },
        {
          "type": "renderModule",
          "assetId": "nGlKSGWXyn6JoT",
          "checksum": "e859531d30caf4fb0de745f2054540d4"
        },
        {
          "type": "cssRules",
          "assetId": "nGlKSGWXyn6JoT",
          "checksum": "e859531d30caf4fb0de745f2054540d4"
        },
        {
          "type": "renderModule",
          "assetId": "dc3NdKUjg6Lj53",
          "checksum": "412cea038d492637e7fa603313b8441d"
        },
        {
          "type": "cssRules",
          "assetId": "dc3NdKUjg6Lj53",
          "checksum": "412cea038d492637e7fa603313b8441d"
        },
        {
          "type": "renderModule",
          "assetId": "cyOQVnifPXdCa7",
          "checksum": "ad04244a01e7c8403b0460b2c385055f"
        },
        {
          "type": "cssRules",
          "assetId": "cyOQVnifPXdCa7",
          "checksum": "ad04244a01e7c8403b0460b2c385055f"
        },
        {
          "type": "renderModule",
          "assetId": "mnynovl5iEBEgL",
          "checksum": "ada1aeaeb0844e086b051d5e88acbd0e"
        },
        {
          "type": "cssRules",
          "assetId": "mnynovl5iEBEgL",
          "checksum": "ada1aeaeb0844e086b051d5e88acbd0e"
        },
        {
          "type": "renderModule",
          "assetId": "dWe2OBple7kkQq",
          "checksum": "694e035282d0d7139680e14a0c2439b3"
        },
        {
          "type": "cssRules",
          "assetId": "dWe2OBple7kkQq",
          "checksum": "694e035282d0d7139680e14a0c2439b3"
        },
        {
          "type": "renderModule",
          "assetId": "VF8ghaH74B7ZRj",
          "checksum": "b24b49fadc4ee4f28b45fb8962ca569f"
        },
        {
          "type": "cssRules",
          "assetId": "VF8ghaH74B7ZRj",
          "checksum": "b24b49fadc4ee4f28b45fb8962ca569f"
        },
        {
          "type": "renderModule",
          "assetId": "rkkYiBMMicPIIP",
          "checksum": "d13558f1485860ecbb4017ec0f82bddd"
        },
        {
          "type": "cssRules",
          "assetId": "rkkYiBMMicPIIP",
          "checksum": "d13558f1485860ecbb4017ec0f82bddd"
        },
        {
          "type": "renderModule",
          "assetId": "OjPdRC_I8UbgUL",
          "checksum": "82bc073f34e7c9c900dfc1a68b1119e4"
        },
        {
          "type": "cssRules",
          "assetId": "OjPdRC_I8UbgUL",
          "checksum": "82bc073f34e7c9c900dfc1a68b1119e4"
        },
        {
          "type": "renderModule",
          "assetId": "g-TYDHxjQQCSqB",
          "checksum": "ff0ac41b7b9aecb2fe14ce60b2a7cc26"
        },
        {
          "type": "cssRules",
          "assetId": "g-TYDHxjQQCSqB",
          "checksum": "ff0ac41b7b9aecb2fe14ce60b2a7cc26"
        },
        {
          "type": "renderModule",
          "assetId": "crgNT4lirO50hO",
          "checksum": "944b6d995a3403111009c3fddc5cf53e"
        },
        {
          "type": "cssRules",
          "assetId": "crgNT4lirO50hO",
          "checksum": "944b6d995a3403111009c3fddc5cf53e"
        },
        {
          "type": "renderModule",
          "assetId": "zVAF3f4ocqKqy-",
          "checksum": "21e58f9cb528570598d47c86595c8fda"
        },
        {
          "type": "cssRules",
          "assetId": "zVAF3f4ocqKqy-",
          "checksum": "21e58f9cb528570598d47c86595c8fda"
        },
        {
          "type": "icon",
          "assetId": "r9VykkypNqQuVv",
          "checksum": "c83b5557efea35edc5bc346957a6e8a2"
        },
        {
          "type": "icon",
          "assetId": "I0XZbNeTBeSl4W",
          "checksum": "a6fbded827fe33295793666a558d2559"
        },
        {
          "type": "icon",
          "assetId": "HVcyHpv0sdyayW",
          "checksum": "4ae684844155e893ce477ee0d7b17b19"
        },
        {
          "type": "icon",
          "assetId": "C_QTluvxZvvsqI",
          "checksum": "8902eb192f45ee32e531bb9702e8e03e"
        },
        {
          "type": "icon",
          "assetId": "YHvv2c9w_1UKq5",
          "checksum": "0f82eb73d573a1ce7e58d66b4cb82f7c"
        },
        {
          "type": "icon",
          "assetId": "YYv0gfQQYjCduy",
          "checksum": "49eac353d33e3f6e7a767af85439bf28"
        },
        {
          "type": "icon",
          "assetId": "rb3HQJRvr8osGq",
          "checksum": "be97cd370dfa03c8597c03bbead22f32"
        },
        {
          "type": "icon",
          "assetId": "H8qRNdXZLybrpk",
          "checksum": "74225567752bd1293c90a6755bcad658"
        },
        {
          "type": "icon",
          "assetId": "p4zSe2Lx7AuZpi",
          "checksum": "d7c522adb1e85d71db224ff16241126f"
        },
        {
          "type": "icon",
          "assetId": "-vTvBGFmuY1p06",
          "checksum": "a59761ee3b5d38ec5013ff936717c249"
        },
        {
          "type": "icon",
          "assetId": "h0kC-porqIceJT",
          "checksum": "9f56ee7a96c176ed2ee8da856a9aaf68"
        },
        {
          "type": "icon",
          "assetId": "kbywPELO605JTc",
          "checksum": "a280f161ac68ef750705c1c8e8671091"
        },
        {
          "type": "icon",
          "assetId": "QylkrJVf5JVhlV",
          "checksum": "211bbf13dead63227ea44f0cb75e34b4"
        },
        {
          "type": "icon",
          "assetId": "c85WkV8xL_IqTD",
          "checksum": "70d7059cc5f6b2507e44f44e2650fc1a"
        },
        {
          "type": "icon",
          "assetId": "2g--KG7oEYM1PB",
          "checksum": "5d3d470f2fdd08dbdca715daf8c71e5d"
        },
        {
          "type": "icon",
          "assetId": "NlYBHkoS96oqY6",
          "checksum": "2d9148fcaa83783bb8ead64edbe38406"
        },
        {
          "type": "icon",
          "assetId": "GIb7HKI2XCn-6H",
          "checksum": "1de85f3a44ebbd168ea2ffbddad308e2"
        },
        {
          "type": "icon",
          "assetId": "YDvrq2X2TaEjnT",
          "checksum": "4807b2afc6515453a16d9f753e50a93d"
        },
        {
          "type": "icon",
          "assetId": "qSNIaj2D-aCTzF",
          "checksum": "3ae7a01578a758190eca233d6dc779a5"
        },
        {
          "type": "icon",
          "assetId": "T4Q7P2SWLlqIHa",
          "checksum": "eb9ecc5a145a3024eb900f0fc9412cae"
        },
        {
          "type": "icon",
          "assetId": "-Yrr8SZWX2m53F",
          "checksum": "04c5fcad016726a3a5f75a6045c1df97"
        },
        {
          "type": "icon",
          "assetId": "BINXLAtYW3LYh9",
          "checksum": "7d50e9caa223afd57b70b57f4f2e0b3c"
        },
        {
          "type": "image",
          "assetId": "C2llxWISQHMk9M",
          "checksum": "ab8bd3f8cd5004765e6cbb597eeb5b65"
        },
        {
          "type": "image",
          "assetId": "E7zNb3EB22MctM",
          "checksum": "2264b2403c44a2439d748f9e905e1816"
        },
        {
          "type": "image",
          "assetId": "q77ySqz05mWg1m",
          "checksum": "db3247f6117636ef1e533d53c190e678"
        },
        {
          "type": "image",
          "assetId": "eIDb3Avh1jlm2a",
          "checksum": "40700ca77adfa8b8efd2bff49f068da0"
        }
      ],
      "codegenVersion": "0.0.1"
    }
  ],
  "cliVersion": "0.1.178"
}
